
Microsoft Visual Studio Solution File, Format Version 12.00
# Visual Studio Version 17
VisualStudioVersion = 17.8.34309.116
MinimumVisualStudioVersion = 10.0.40219.1
Project("{9A19103F-16F7-4668-BE54-9A1E7A4F7556}") = "Selenium Tests", "TestProject1\Selenium Tests.csproj", "{AC02B78A-CB71-4756-A2D2-44A7A3B7A69B}"
EndProject
Project("{FAE04EC0-301F-11D3-BF4B-00C04F79EFBC}") = "Selenium", "Selenium\Selenium.csproj", "{5AD94229-DAA0-4C00-8005-DD1358FEC756}"
EndProject
Global
	GlobalSection(SolutionConfigurationPlatforms) = preSolution
		Debug|Any CPU = Debug|Any CPU
		Release|Any CPU = Release|Any CPU
	EndGlobalSection
	GlobalSection(ProjectConfigurationPlatforms) = postSolution
		{AC02B78A-CB71-4756-A2D2-44A7A3B7A69B}.Debug|Any CPU.ActiveCfg = Debug|Any CPU
		{AC02B78A-CB71-4756-A2D2-44A7A3B7A69B}.Debug|Any CPU.Build.0 = Debug|Any CPU
		{AC02B78A-CB71-4756-A2D2-44A7A3B7A69B}.Release|Any CPU.ActiveCfg = Release|Any CPU
		{AC02B78A-CB71-4756-A2D2-44A7A3B7A69B}.Release|Any CPU.Build.0 = Release|Any CPU
		{5AD94229-DAA0-4C00-8005-DD1358FEC756}.Debug|Any CPU.ActiveCfg = Debug|Any CPU
		{5AD94229-DAA0-4C00-8005-DD1358FEC756}.Debug|Any CPU.Build.0 = Debug|Any CPU
		{5AD94229-DAA0-4C00-8005-DD1358FEC756}.Release|Any CPU.ActiveCfg = Release|Any CPU
		{5AD94229-DAA0-4C00-8005-DD1358FEC756}.Release|Any CPU.Build.0 = Release|Any CPU
	EndGlobalSection
	GlobalSection(SolutionProperties) = preSolution
		HideSolutionNode = FALSE
	EndGlobalSection
	GlobalSection(ExtensibilityGlobals) = postSolution
		SolutionGuid = {53A660E1-EAA2-4E7C-BDBF-F4E4D49C7D2D}
	EndGlobalSection
EndGlobal
